// !$*UTF8*$!
{
	archiveVersion = 1;
	classes = {
	};
	objectVersion = 46;
	objects = {

/* Begin PBXBuildFile section */
		043C9FA21E1DDF7A00B4E32D /* DVBarChartView.m in Sources */ = {isa = PBXBuildFile; fileRef = 043C9F991E1DDF7A00B4E32D /* DVBarChartView.m */; };
		043C9FA31E1DDF7A00B4E32D /* DVXBarView.m in Sources */ = {isa = PBXBuildFile; fileRef = 043C9F9B1E1DDF7A00B4E32D /* DVXBarView.m */; };
		043C9FA41E1DDF7A00B4E32D /* DVYBarView.m in Sources */ = {isa = PBXBuildFile; fileRef = 043C9F9D1E1DDF7A00B4E32D /* DVYBarView.m */; };
		043C9FA51E1DDF7A00B4E32D /* UIColor+Hex.m in Sources */ = {isa = PBXBuildFile; fileRef = 043C9F9F1E1DDF7A00B4E32D /* UIColor+Hex.m */; };
		043C9FA61E1DDF7A00B4E32D /* UIView+Extension.m in Sources */ = {isa = PBXBuildFile; fileRef = 043C9FA11E1DDF7A00B4E32D /* UIView+Extension.m */; };
		04F3AA221D79791D00020C1D /* main.m in Sources */ = {isa = PBXBuildFile; fileRef = 04F3AA211D79791D00020C1D /* main.m */; };
		04F3AA251D79791D00020C1D /* AppDelegate.m in Sources */ = {isa = PBXBuildFile; fileRef = 04F3AA241D79791D00020C1D /* AppDelegate.m */; };
		04F3AA281D79791D00020C1D /* ViewController.m in Sources */ = {isa = PBXBuildFile; fileRef = 04F3AA271D79791D00020C1D /* ViewController.m */; };
		04F3AA2B1D79791D00020C1D /* Main.storyboard in Resources */ = {isa = PBXBuildFile; fileRef = 04F3AA291D79791D00020C1D /* Main.storyboard */; };
		04F3AA2D1D79791D00020C1D /* Assets.xcassets in Resources */ = {isa = PBXBuildFile; fileRef = 04F3AA2C1D79791D00020C1D /* Assets.xcassets */; };
		04F3AA301D79791D00020C1D /* LaunchScreen.storyboard in Resources */ = {isa = PBXBuildFile; fileRef = 04F3AA2E1D79791D00020C1D /* LaunchScreen.storyboard */; };
		04F3AA3B1D79791E00020C1D /* lianxiTests.m in Sources */ = {isa = PBXBuildFile; fileRef = 04F3AA3A1D79791E00020C1D /* lianxiTests.m */; };
		04F3AA461D79791E00020C1D /* lianxiUITests.m in Sources */ = {isa = PBXBuildFile; fileRef = 04F3AA451D79791E00020C1D /* lianxiUITests.m */; };
		04F3AB9F1D7981A000020C1D /* Info.plist in Resources */ = {isa = PBXBuildFile; fileRef = 04F3AB841D7981A000020C1D /* Info.plist */; };
		04F3ABA01D7981A000020C1D /* MASCompositeConstraint.m in Sources */ = {isa = PBXBuildFile; fileRef = 04F3AB861D7981A000020C1D /* MASCompositeConstraint.m */; };
		04F3ABA11D7981A000020C1D /* MASConstraint.m in Sources */ = {isa = PBXBuildFile; fileRef = 04F3AB891D7981A000020C1D /* MASConstraint.m */; };
		04F3ABA21D7981A000020C1D /* MASConstraintMaker.m in Sources */ = {isa = PBXBuildFile; fileRef = 04F3AB8B1D7981A000020C1D /* MASConstraintMaker.m */; };
		04F3ABA31D7981A000020C1D /* MASLayoutConstraint.m in Sources */ = {isa = PBXBuildFile; fileRef = 04F3AB8D1D7981A000020C1D /* MASLayoutConstraint.m */; };
		04F3ABA41D7981A000020C1D /* MASViewAttribute.m in Sources */ = {isa = PBXBuildFile; fileRef = 04F3AB911D7981A000020C1D /* MASViewAttribute.m */; };
		04F3ABA51D7981A000020C1D /* MASViewConstraint.m in Sources */ = {isa = PBXBuildFile; fileRef = 04F3AB931D7981A000020C1D /* MASViewConstraint.m */; };
		04F3ABA61D7981A000020C1D /* NSArray+MASAdditions.m in Sources */ = {isa = PBXBuildFile; fileRef = 04F3AB951D7981A000020C1D /* NSArray+MASAdditions.m */; };
		04F3ABA71D7981A000020C1D /* NSLayoutConstraint+MASDebugAdditions.m in Sources */ = {isa = PBXBuildFile; fileRef = 04F3AB981D7981A000020C1D /* NSLayoutConstraint+MASDebugAdditions.m */; };
		04F3ABA81D7981A000020C1D /* View+MASAdditions.m in Sources */ = {isa = PBXBuildFile; fileRef = 04F3AB9A1D7981A000020C1D /* View+MASAdditions.m */; };
		04F3ABA91D7981A000020C1D /* ViewController+MASAdditions.m in Sources */ = {isa = PBXBuildFile; fileRef = 04F3AB9D1D7981A000020C1D /* ViewController+MASAdditions.m */; };
		04F3ABAD1D7981D100020C1D /* ViewController.m in Sources */ = {isa = PBXBuildFile; fileRef = 04F3AA271D79791D00020C1D /* ViewController.m */; };
/* End PBXBuildFile section */

/* Begin PBXContainerItemProxy section */
		04F3AA371D79791E00020C1D /* PBXContainerItemProxy */ = {
			isa = PBXContainerItemProxy;
			containerPortal = 04F3AA151D79791D00020C1D /* Project object */;
			proxyType = 1;
			remoteGlobalIDString = 04F3AA1C1D79791D00020C1D;
			remoteInfo = lianxi;
		};
		04F3AA421D79791E00020C1D /* PBXContainerItemProxy */ = {
			isa = PBXContainerItemProxy;
			containerPortal = 04F3AA151D79791D00020C1D /* Project object */;
			proxyType = 1;
			remoteGlobalIDString = 04F3AA1C1D79791D00020C1D;
			remoteInfo = lianxi;
		};
/* End PBXContainerItemProxy section */

/* Begin PBXFileReference section */
		043C9F981E1DDF7A00B4E32D /* DVBarChartView.h */ = {isa = PBXFileReference; fileEncoding = 4; lastKnownFileType = sourcecode.c.h; path = DVBarChartView.h; sourceTree = "<group>"; };
		043C9F991E1DDF7A00B4E32D /* DVBarChartView.m */ = {isa = PBXFileReference; fileEncoding = 4; lastKnownFileType = sourcecode.c.objc; path = DVBarChartView.m; sourceTree = "<group>"; };
		043C9F9A1E1DDF7A00B4E32D /* DVXBarView.h */ = {isa = PBXFileReference; fileEncoding = 4; lastKnownFileType = sourcecode.c.h; path = DVXBarView.h; sourceTree = "<group>"; };
		043C9F9B1E1DDF7A00B4E32D /* DVXBarView.m */ = {isa = PBXFileReference; fileEncoding = 4; lastKnownFileType = sourcecode.c.objc; path = DVXBarView.m; sourceTree = "<group>"; };
		043C9F9C1E1DDF7A00B4E32D /* DVYBarView.h */ = {isa = PBXFileReference; fileEncoding = 4; lastKnownFileType = sourcecode.c.h; path = DVYBarView.h; sourceTree = "<group>"; };
		043C9F9D1E1DDF7A00B4E32D /* DVYBarView.m */ = {isa = PBXFileReference; fileEncoding = 4; lastKnownFileType = sourcecode.c.objc; path = DVYBarView.m; sourceTree = "<group>"; };
		043C9F9E1E1DDF7A00B4E32D /* UIColor+Hex.h */ = {isa = PBXFileReference; fileEncoding = 4; lastKnownFileType = sourcecode.c.h; path = "UIColor+Hex.h"; sourceTree = "<group>"; };
		043C9F9F1E1DDF7A00B4E32D /* UIColor+Hex.m */ = {isa = PBXFileReference; fileEncoding = 4; lastKnownFileType = sourcecode.c.objc; path = "UIColor+Hex.m"; sourceTree = "<group>"; };
		043C9FA01E1DDF7A00B4E32D /* UIView+Extension.h */ = {isa = PBXFileReference; fileEncoding = 4; lastKnownFileType = sourcecode.c.h; path = "UIView+Extension.h"; sourceTree = "<group>"; };
		043C9FA11E1DDF7A00B4E32D /* UIView+Extension.m */ = {isa = PBXFileReference; fileEncoding = 4; lastKnownFileType = sourcecode.c.objc; path = "UIView+Extension.m"; sourceTree = "<group>"; };
		04F3AA1D1D79791D00020C1D /* lianxi.app */ = {isa = PBXFileReference; explicitFileType = wrapper.application; includeInIndex = 0; path = lianxi.app; sourceTree = BUILT_PRODUCTS_DIR; };
		04F3AA211D79791D00020C1D /* main.m */ = {isa = PBXFileReference; lastKnownFileType = sourcecode.c.objc; path = main.m; sourceTree = "<group>"; };
		04F3AA231D79791D00020C1D /* AppDelegate.h */ = {isa = PBXFileReference; lastKnownFileType = sourcecode.c.h; path = AppDelegate.h; sourceTree = "<group>"; };
		04F3AA241D79791D00020C1D /* AppDelegate.m */ = {isa = PBXFileReference; lastKnownFileType = sourcecode.c.objc; path = AppDelegate.m; sourceTree = "<group>"; };
		04F3AA261D79791D00020C1D /* ViewController.h */ = {isa = PBXFileReference; lastKnownFileType = sourcecode.c.h; path = ViewController.h; sourceTree = "<group>"; };
		04F3AA271D79791D00020C1D /* ViewController.m */ = {isa = PBXFileReference; lastKnownFileType = sourcecode.c.objc; path = ViewController.m; sourceTree = "<group>"; };
		04F3AA2A1D79791D00020C1D /* Base */ = {isa = PBXFileReference; lastKnownFileType = file.storyboard; name = Base; path = Base.lproj/Main.storyboard; sourceTree = "<group>"; };
		04F3AA2C1D79791D00020C1D /* Assets.xcassets */ = {isa = PBXFileReference; lastKnownFileType = folder.assetcatalog; path = Assets.xcassets; sourceTree = "<group>"; };
		04F3AA2F1D79791D00020C1D /* Base */ = {isa = PBXFileReference; lastKnownFileType = file.storyboard; name = Base; path = Base.lproj/LaunchScreen.storyboard; sourceTree = "<group>"; };
		04F3AA311D79791D00020C1D /* Info.plist */ = {isa = PBXFileReference; lastKnownFileType = text.plist.xml; path = Info.plist; sourceTree = "<group>"; };
		04F3AA361D79791E00020C1D /* lianxiTests.xctest */ = {isa = PBXFileReference; explicitFileType = wrapper.cfbundle; includeInIndex = 0; path = lianxiTests.xctest; sourceTree = BUILT_PRODUCTS_DIR; };
		04F3AA3A1D79791E00020C1D /* lianxiTests.m */ = {isa = PBXFileReference; lastKnownFileType = sourcecode.c.objc; path = lianxiTests.m; sourceTree = "<group>"; };
		04F3AA3C1D79791E00020C1D /* Info.plist */ = {isa = PBXFileReference; lastKnownFileType = text.plist.xml; path = Info.plist; sourceTree = "<group>"; };
		04F3AA411D79791E00020C1D /* lianxiUITests.xctest */ = {isa = PBXFileReference; explicitFileType = wrapper.cfbundle; includeInIndex = 0; path = lianxiUITests.xctest; sourceTree = BUILT_PRODUCTS_DIR; };
		04F3AA451D79791E00020C1D /* lianxiUITests.m */ = {isa = PBXFileReference; lastKnownFileType = sourcecode.c.objc; path = lianxiUITests.m; sourceTree = "<group>"; };
		04F3AA471D79791E00020C1D /* Info.plist */ = {isa = PBXFileReference; lastKnownFileType = text.plist.xml; path = Info.plist; sourceTree = "<group>"; };
		04F3AB841D7981A000020C1D /* Info.plist */ = {isa = PBXFileReference; fileEncoding = 4; lastKnownFileType = text.plist.xml; path = Info.plist; sourceTree = "<group>"; };
		04F3AB851D7981A000020C1D /* MASCompositeConstraint.h */ = {isa = PBXFileReference; fileEncoding = 4; lastKnownFileType = sourcecode.c.h; path = MASCompositeConstraint.h; sourceTree = "<group>"; };
		04F3AB861D7981A000020C1D /* MASCompositeConstraint.m */ = {isa = PBXFileReference; fileEncoding = 4; lastKnownFileType = sourcecode.c.objc; path = MASCompositeConstraint.m; sourceTree = "<group>"; };
		04F3AB871D7981A000020C1D /* MASConstraint+Private.h */ = {isa = PBXFileReference; fileEncoding = 4; lastKnownFileType = sourcecode.c.h; path = "MASConstraint+Private.h"; sourceTree = "<group>"; };
		04F3AB881D7981A000020C1D /* MASConstraint.h */ = {isa = PBXFileReference; fileEncoding = 4; lastKnownFileType = sourcecode.c.h; path = MASConstraint.h; sourceTree = "<group>"; };
		04F3AB891D7981A000020C1D /* MASConstraint.m */ = {isa = PBXFileReference; fileEncoding = 4; lastKnownFileType = sourcecode.c.objc; path = MASConstraint.m; sourceTree = "<group>"; };
		04F3AB8A1D7981A000020C1D /* MASConstraintMaker.h */ = {isa = PBXFileReference; fileEncoding = 4; lastKnownFileType = sourcecode.c.h; path = MASConstraintMaker.h; sourceTree = "<group>"; };
		04F3AB8B1D7981A000020C1D /* MASConstraintMaker.m */ = {isa = PBXFileReference; fileEncoding = 4; lastKnownFileType = sourcecode.c.objc; path = MASConstraintMaker.m; sourceTree = "<group>"; };
		04F3AB8C1D7981A000020C1D /* MASLayoutConstraint.h */ = {isa = PBXFileReference; fileEncoding = 4; lastKnownFileType = sourcecode.c.h; path = MASLayoutConstraint.h; sourceTree = "<group>"; };
		04F3AB8D1D7981A000020C1D /* MASLayoutConstraint.m */ = {isa = PBXFileReference; fileEncoding = 4; lastKnownFileType = sourcecode.c.objc; path = MASLayoutConstraint.m; sourceTree = "<group>"; };
		04F3AB8E1D7981A000020C1D /* Masonry.h */ = {isa = PBXFileReference; fileEncoding = 4; lastKnownFileType = sourcecode.c.h; path = Masonry.h; sourceTree = "<group>"; };
		04F3AB8F1D7981A000020C1D /* MASUtilities.h */ = {isa = PBXFileReference; fileEncoding = 4; lastKnownFileType = sourcecode.c.h; path = MASUtilities.h; sourceTree = "<group>"; };
		04F3AB901D7981A000020C1D /* MASViewAttribute.h */ = {isa = PBXFileReference; fileEncoding = 4; lastKnownFileType = sourcecode.c.h; path = MASViewAttribute.h; sourceTree = "<group>"; };
		04F3AB911D7981A000020C1D /* MASViewAttribute.m */ = {isa = PBXFileReference; fileEncoding = 4; lastKnownFileType = sourcecode.c.objc; path = MASViewAttribute.m; sourceTree = "<group>"; };
		04F3AB921D7981A000020C1D /* MASViewConstraint.h */ = {isa = PBXFileReference; fileEncoding = 4; lastKnownFileType = sourcecode.c.h; path = MASViewConstraint.h; sourceTree = "<group>"; };
		04F3AB931D7981A000020C1D /* MASViewConstraint.m */ = {isa = PBXFileReference; fileEncoding = 4; lastKnownFileType = sourcecode.c.objc; path = MASViewConstraint.m; sourceTree = "<group>"; };
		04F3AB941D7981A000020C1D /* NSArray+MASAdditions.h */ = {isa = PBXFileReference; fileEncoding = 4; lastKnownFileType = sourcecode.c.h; path = "NSArray+MASAdditions.h"; sourceTree = "<group>"; };
		04F3AB951D7981A000020C1D /* NSArray+MASAdditions.m */ = {isa = PBXFileReference; fileEncoding = 4; lastKnownFileType = sourcecode.c.objc; path = "NSArray+MASAdditions.m"; sourceTree = "<group>"; };
		04F3AB961D7981A000020C1D /* NSArray+MASShorthandAdditions.h */ = {isa = PBXFileReference; fileEncoding = 4; lastKnownFileType = sourcecode.c.h; path = "NSArray+MASShorthandAdditions.h"; sourceTree = "<group>"; };
		04F3AB971D7981A000020C1D /* NSLayoutConstraint+MASDebugAdditions.h */ = {isa = PBXFileReference; fileEncoding = 4; lastKnownFileType = sourcecode.c.h; path = "NSLayoutConstraint+MASDebugAdditions.h"; sourceTree = "<group>"; };
		04F3AB981D7981A000020C1D /* NSLayoutConstraint+MASDebugAdditions.m */ = {isa = PBXFileReference; fileEncoding = 4; lastKnownFileType = sourcecode.c.objc; path = "NSLayoutConstraint+MASDebugAdditions.m"; sourceTree = "<group>"; };
		04F3AB991D7981A000020C1D /* View+MASAdditions.h */ = {isa = PBXFileReference; fileEncoding = 4; lastKnownFileType = sourcecode.c.h; path = "View+MASAdditions.h"; sourceTree = "<group>"; };
		04F3AB9A1D7981A000020C1D /* View+MASAdditions.m */ = {isa = PBXFileReference; fileEncoding = 4; lastKnownFileType = sourcecode.c.objc; path = "View+MASAdditions.m"; sourceTree = "<group>"; };
		04F3AB9B1D7981A000020C1D /* View+MASShorthandAdditions.h */ = {isa = PBXFileReference; fileEncoding = 4; lastKnownFileType = sourcecode.c.h; path = "View+MASShorthandAdditions.h"; sourceTree = "<group>"; };
		04F3AB9C1D7981A000020C1D /* ViewController+MASAdditions.h */ = {isa = PBXFileReference; fileEncoding = 4; lastKnownFileType = sourcecode.c.h; path = "ViewController+MASAdditions.h"; sourceTree = "<group>"; };
		04F3AB9D1D7981A000020C1D /* ViewController+MASAdditions.m */ = {isa = PBXFileReference; fileEncoding = 4; lastKnownFileType = sourcecode.c.objc; path = "ViewController+MASAdditions.m"; sourceTree = "<group>"; };
/* End PBXFileReference section */

/* Begin PBXFrameworksBuildPhase section */
		04F3AA1A1D79791D00020C1D /* Frameworks */ = {
			isa = PBXFrameworksBuildPhase;
			buildActionMask = 2147483647;
			files = (
			);
			runOnlyForDeploymentPostprocessing = 0;
		};
		04F3AA331D79791E00020C1D /* Frameworks */ = {
			isa = PBXFrameworksBuildPhase;
			buildActionMask = 2147483647;
			files = (
			);
			runOnlyForDeploymentPostprocessing = 0;
		};
		04F3AA3E1D79791E00020C1D /* Frameworks */ = {
			isa = PBXFrameworksBuildPhase;
			buildActionMask = 2147483647;
			files = (
			);
			runOnlyForDeploymentPostprocessing = 0;
		};
/* End PBXFrameworksBuildPhase section */

/* Begin PBXGroup section */
		043C9F971E1DDF7A00B4E32D /* DVBarChat */ = {
			isa = PBXGroup;
			children = (
				043C9F981E1DDF7A00B4E32D /* DVBarChartView.h */,
				043C9F991E1DDF7A00B4E32D /* DVBarChartView.m */,
				043C9F9A1E1DDF7A00B4E32D /* DVXBarView.h */,
				043C9F9B1E1DDF7A00B4E32D /* DVXBarView.m */,
				043C9F9C1E1DDF7A00B4E32D /* DVYBarView.h */,
				043C9F9D1E1DDF7A00B4E32D /* DVYBarView.m */,
				043C9F9E1E1DDF7A00B4E32D /* UIColor+Hex.h */,
				043C9F9F1E1DDF7A00B4E32D /* UIColor+Hex.m */,
				043C9FA01E1DDF7A00B4E32D /* UIView+Extension.h */,
				043C9FA11E1DDF7A00B4E32D /* UIView+Extension.m */,
			);
			name = DVBarChat;
			path = "DVBarChat副本";
			sourceTree = "<group>";
		};
		04F3AA141D79791D00020C1D = {
			isa = PBXGroup;
			children = (
				04F3AA1F1D79791D00020C1D /* lianxi */,
				04F3AA391D79791E00020C1D /* lianxiTests */,
				04F3AA441D79791E00020C1D /* lianxiUITests */,
				04F3AA1E1D79791D00020C1D /* Products */,
			);
			sourceTree = "<group>";
		};
		04F3AA1E1D79791D00020C1D /* Products */ = {
			isa = PBXGroup;
			children = (
				04F3AA1D1D79791D00020C1D /* lianxi.app */,
				04F3AA361D79791E00020C1D /* lianxiTests.xctest */,
				04F3AA411D79791E00020C1D /* lianxiUITests.xctest */,
			);
			name = Products;
			sourceTree = "<group>";
		};
		04F3AA1F1D79791D00020C1D /* lianxi */ = {
			isa = PBXGroup;
			children = (
				043C9F971E1DDF7A00B4E32D /* DVBarChat */,
				04F3AA231D79791D00020C1D /* AppDelegate.h */,
				04F3AA241D79791D00020C1D /* AppDelegate.m */,
				04F3AA261D79791D00020C1D /* ViewController.h */,
				04F3AA271D79791D00020C1D /* ViewController.m */,
				04F3AA291D79791D00020C1D /* Main.storyboard */,
				04F3AA2C1D79791D00020C1D /* Assets.xcassets */,
				04F3AA2E1D79791D00020C1D /* LaunchScreen.storyboard */,
				04F3AA311D79791D00020C1D /* Info.plist */,
				04F3AA201D79791D00020C1D /* Supporting Files */,
			);
			path = lianxi;
			sourceTree = "<group>";
		};
		04F3AA201D79791D00020C1D /* Supporting Files */ = {
			isa = PBXGroup;
			children = (
				04F3AA211D79791D00020C1D /* main.m */,
			);
			name = "Supporting Files";
			sourceTree = "<group>";
		};
		04F3AA391D79791E00020C1D /* lianxiTests */ = {
			isa = PBXGroup;
			children = (
				04F3AB9E1D7981A000020C1D /* Masonry */,
				04F3AA3A1D79791E00020C1D /* lianxiTests.m */,
				04F3AA3C1D79791E00020C1D /* Info.plist */,
			);
			path = lianxiTests;
			sourceTree = "<group>";
		};
		04F3AA441D79791E00020C1D /* lianxiUITests */ = {
			isa = PBXGroup;
			children = (
				04F3AA451D79791E00020C1D /* lianxiUITests.m */,
				04F3AA471D79791E00020C1D /* Info.plist */,
			);
			path = lianxiUITests;
			sourceTree = "<group>";
		};
		04F3AB9E1D7981A000020C1D /* Masonry */ = {
			isa = PBXGroup;
			children = (
				04F3AB841D7981A000020C1D /* Info.plist */,
				04F3AB851D7981A000020C1D /* MASCompositeConstraint.h */,
				04F3AB861D7981A000020C1D /* MASCompositeConstraint.m */,
				04F3AB871D7981A000020C1D /* MASConstraint+Private.h */,
				04F3AB881D7981A000020C1D /* MASConstraint.h */,
				04F3AB891D7981A000020C1D /* MASConstraint.m */,
				04F3AB8A1D7981A000020C1D /* MASConstraintMaker.h */,
				04F3AB8B1D7981A000020C1D /* MASConstraintMaker.m */,
				04F3AB8C1D7981A000020C1D /* MASLayoutConstraint.h */,
				04F3AB8D1D7981A000020C1D /* MASLayoutConstraint.m */,
				04F3AB8E1D7981A000020C1D /* Masonry.h */,
				04F3AB8F1D7981A000020C1D /* MASUtilities.h */,
				04F3AB901D7981A000020C1D /* MASViewAttribute.h */,
				04F3AB911D7981A000020C1D /* MASViewAttribute.m */,
				04F3AB921D7981A000020C1D /* MASViewConstraint.h */,
				04F3AB931D7981A000020C1D /* MASViewConstraint.m */,
				04F3AB941D7981A000020C1D /* NSArray+MASAdditions.h */,
				04F3AB951D7981A000020C1D /* NSArray+MASAdditions.m */,
				04F3AB961D7981A000020C1D /* NSArray+MASShorthandAdditions.h */,
				04F3AB971D7981A000020C1D /* NSLayoutConstraint+MASDebugAdditions.h */,
				04F3AB981D7981A000020C1D /* NSLayoutConstraint+MASDebugAdditions.m */,
				04F3AB991D7981A000020C1D /* View+MASAdditions.h */,
				04F3AB9A1D7981A000020C1D /* View+MASAdditions.m */,
				04F3AB9B1D7981A000020C1D /* View+MASShorthandAdditions.h */,
				04F3AB9C1D7981A000020C1D /* ViewController+MASAdditions.h */,
				04F3AB9D1D7981A000020C1D /* ViewController+MASAdditions.m */,
			);
			name = Masonry;
			path = "../../../Downloads/BarChartDemo-master 3/Masonry";
			sourceTree = "<group>";
		};
/* End PBXGroup section */

/* Begin PBXNativeTarget section */
		04F3AA1C1D79791D00020C1D /* lianxi */ = {
			isa = PBXNativeTarget;
			buildConfigurationList = 04F3AA4A1D79791E00020C1D /* Build configuration list for PBXNativeTarget "lianxi" */;
			buildPhases = (
				04F3AA191D79791D00020C1D /* Sources */,
				04F3AA1A1D79791D00020C1D /* Frameworks */,
				04F3AA1B1D79791D00020C1D /* Resources */,
			);
			buildRules = (
			);
			dependencies = (
			);
			name = lianxi;
			productName = lianxi;
			productReference = 04F3AA1D1D79791D00020C1D /* lianxi.app */;
			productType = "com.apple.product-type.application";
		};
		04F3AA351D79791E00020C1D /* lianxiTests */ = {
			isa = PBXNativeTarget;
			buildConfigurationList = 04F3AA4D1D79791E00020C1D /* Build configuration list for PBXNativeTarget "lianxiTests" */;
			buildPhases = (
				04F3AA321D79791E00020C1D /* Sources */,
				04F3AA331D79791E00020C1D /* Frameworks */,
				04F3AA341D79791E00020C1D /* Resources */,
			);
			buildRules = (
			);
			dependencies = (
				04F3AA381D79791E00020C1D /* PBXTargetDependency */,
			);
			name = lianxiTests;
			productName = lianxiTests;
			productReference = 04F3AA361D79791E00020C1D /* lianxiTests.xctest */;
			productType = "com.apple.product-type.bundle.unit-test";
		};
		04F3AA401D79791E00020C1D /* lianxiUITests */ = {
			isa = PBXNativeTarget;
			buildConfigurationList = 04F3AA501D79791E00020C1D /* Build configuration list for PBXNativeTarget "lianxiUITests" */;
			buildPhases = (
				04F3AA3D1D79791E00020C1D /* Sources */,
				04F3AA3E1D79791E00020C1D /* Frameworks */,
				04F3AA3F1D79791E00020C1D /* Resources */,
			);
			buildRules = (
			);
			dependencies = (
				04F3AA431D79791E00020C1D /* PBXTargetDependency */,
			);
			name = lianxiUITests;
			productName = lianxiUITests;
			productReference = 04F3AA411D79791E00020C1D /* lianxiUITests.xctest */;
			productType = "com.apple.product-type.bundle.ui-testing";
		};
/* End PBXNativeTarget section */

/* Begin PBXProject section */
		04F3AA151D79791D00020C1D /* Project object */ = {
			isa = PBXProject;
			attributes = {
				LastUpgradeCheck = 0730;
				ORGANIZATIONNAME = mac;
				TargetAttributes = {
					04F3AA1C1D79791D00020C1D = {
						CreatedOnToolsVersion = 7.3.1;
						DevelopmentTeam = 99CDJN9R8A;
						ProvisioningStyle = Automatic;
					};
					04F3AA351D79791E00020C1D = {
						CreatedOnToolsVersion = 7.3.1;
						TestTargetID = 04F3AA1C1D79791D00020C1D;
					};
					04F3AA401D79791E00020C1D = {
						CreatedOnToolsVersion = 7.3.1;
						TestTargetID = 04F3AA1C1D79791D00020C1D;
					};
				};
			};
			buildConfigurationList = 04F3AA181D79791D00020C1D /* Build configuration list for PBXProject "lianxi" */;
			compatibilityVersion = "Xcode 3.2";
			developmentRegion = English;
			hasScannedForEncodings = 0;
			knownRegions = (
				en,
				Base,
			);
			mainGroup = 04F3AA141D79791D00020C1D;
			productRefGroup = 04F3AA1E1D79791D00020C1D /* Products */;
			projectDirPath = "";
			projectRoot = "";
			targets = (
				04F3AA1C1D79791D00020C1D /* lianxi */,
				04F3AA351D79791E00020C1D /* lianxiTests */,
				04F3AA401D79791E00020C1D /* lianxiUITests */,
			);
		};
/* End PBXProject section */

/* Begin PBXResourcesBuildPhase section */
		04F3AA1B1D79791D00020C1D /* Resources */ = {
			isa = PBXResourcesBuildPhase;
			buildActionMask = 2147483647;
			files = (
				04F3AA301D79791D00020C1D /* LaunchScreen.storyboard in Resources */,
				04F3AA2D1D79791D00020C1D /* Assets.xcassets in Resources */,
				04F3AA2B1D79791D00020C1D /* Main.storyboard in Resources */,
			);
			runOnlyForDeploymentPostprocessing = 0;
		};
		04F3AA341D79791E00020C1D /* Resources */ = {
			isa = PBXResourcesBuildPhase;
			buildActionMask = 2147483647;
			files = (
				04F3AB9F1D7981A000020C1D /* Info.plist in Resources */,
			);
			runOnlyForDeploymentPostprocessing = 0;
		};
		04F3AA3F1D79791E00020C1D /* Resources */ = {
			isa = PBXResourcesBuildPhase;
			buildActionMask = 2147483647;
			files = (
			);
			runOnlyForDeploymentPostprocessing = 0;
		};
/* End PBXResourcesBuildPhase section */

/* Begin PBXSourcesBuildPhase section */
		04F3AA191D79791D00020C1D /* Sources */ = {
			isa = PBXSourcesBuildPhase;
			buildActionMask = 2147483647;
			files = (
				04F3AA281D79791D00020C1D /* ViewController.m in Sources */,
				04F3AA251D79791D00020C1D /* AppDelegate.m in Sources */,
				043C9FA41E1DDF7A00B4E32D /* DVYBarView.m in Sources */,
				04F3AA221D79791D00020C1D /* main.m in Sources */,
				043C9FA51E1DDF7A00B4E32D /* UIColor+Hex.m in Sources */,
				043C9FA31E1DDF7A00B4E32D /* DVXBarView.m in Sources */,
				043C9FA61E1DDF7A00B4E32D /* UIView+Extension.m in Sources */,
				043C9FA21E1DDF7A00B4E32D /* DVBarChartView.m in Sources */,
			);
			runOnlyForDeploymentPostprocessing = 0;
		};
		04F3AA321D79791E00020C1D /* Sources */ = {
			isa = PBXSourcesBuildPhase;
			buildActionMask = 2147483647;
			files = (
				04F3ABA01D7981A000020C1D /* MASCompositeConstraint.m in Sources */,
				04F3ABA21D7981A000020C1D /* MASConstraintMaker.m in Sources */,
				04F3ABA71D7981A000020C1D /* NSLayoutConstraint+MASDebugAdditions.m in Sources */,
				04F3ABA31D7981A000020C1D /* MASLayoutConstraint.m in Sources */,
				04F3AA3B1D79791E00020C1D /* lianxiTests.m in Sources */,
				04F3ABA91D7981A000020C1D /* ViewController+MASAdditions.m in Sources */,
				04F3ABAD1D7981D100020C1D /* ViewController.m in Sources */,
				04F3ABA61D7981A000020C1D /* NSArray+MASAdditions.m in Sources */,
				04F3ABA51D7981A000020C1D /* MASViewConstraint.m in Sources */,
				04F3ABA11D7981A000020C1D /* MASConstraint.m in Sources */,
				04F3ABA81D7981A000020C1D /* View+MASAdditions.m in Sources */,
				04F3ABA41D7981A000020C1D /* MASViewAttribute.m in Sources */,
			);
			runOnlyForDeploymentPostprocessing = 0;
		};
		04F3AA3D1D79791E00020C1D /* Sources */ = {
			isa = PBXSourcesBuildPhase;
			buildActionMask = 2147483647;
			files = (
				04F3AA461D79791E00020C1D /* lianxiUITests.m in Sources */,
			);
			runOnlyForDeploymentPostprocessing = 0;
		};
/* End PBXSourcesBuildPhase section */

/* Begin PBXTargetDependency section */
		04F3AA381D79791E00020C1D /* PBXTargetDependency */ = {
			isa = PBXTargetDependency;
			target = 04F3AA1C1D79791D00020C1D /* lianxi */;
			targetProxy = 04F3AA371D79791E00020C1D /* PBXContainerItemProxy */;
		};
		04F3AA431D79791E00020C1D /* PBXTargetDependency */ = {
			isa = PBXTargetDependency;
			target = 04F3AA1C1D79791D00020C1D /* lianxi */;
			targetProxy = 04F3AA421D79791E00020C1D /* PBXContainerItemProxy */;
		};
/* End PBXTargetDependency section */

/* Begin PBXVariantGroup section */
		04F3AA291D79791D00020C1D /* Main.storyboard */ = {
			isa = PBXVariantGroup;
			children = (
				04F3AA2A1D79791D00020C1D /* Base */,
			);
			name = Main.storyboard;
			sourceTree = "<group>";
		};
		04F3AA2E1D79791D00020C1D /* LaunchScreen.storyboard */ = {
			isa = PBXVariantGroup;
			children = (
				04F3AA2F1D79791D00020C1D /* Base */,
			);
			name = LaunchScreen.storyboard;
			sourceTree = "<group>";
		};
/* End PBXVariantGroup section */

/* Begin XCBuildConfiguration section */
		04F3AA481D79791E00020C1D /* Debug */ = {
			isa = XCBuildConfiguration;
			buildSettings = {
				ALWAYS_SEARCH_USER_PATHS = NO;
				CLANG_ANALYZER_NONNULL = YES;
				CLANG_CXX_LANGUAGE_STANDARD = "gnu++0x";
				CLANG_CXX_LIBRARY = "libc++";
				CLANG_ENABLE_MODULES = YES;
				CLANG_ENABLE_OBJC_ARC = YES;
				CLANG_WARN_BOOL_CONVERSION = YES;
				CLANG_WARN_CONSTANT_CONVERSION = YES;
				CLANG_WARN_DIRECT_OBJC_ISA_USAGE = YES_ERROR;
				CLANG_WARN_EMPTY_BODY = YES;
				CLANG_WARN_ENUM_CONVERSION = YES;
				CLANG_WARN_INT_CONVERSION = YES;
				CLANG_WARN_OBJC_ROOT_CLASS = YES_ERROR;
				CLANG_WARN_UNREACHABLE_CODE = YES;
				CLANG_WARN__DUPLICATE_METHOD_MATCH = YES;
				"CODE_SIGN_IDENTITY[sdk=iphoneos*]" = "iPhone Developer";
				COPY_PHASE_STRIP = NO;
				DEBUG_INFORMATION_FORMAT = dwarf;
				ENABLE_STRICT_OBJC_MSGSEND = YES;
				ENABLE_TESTABILITY = YES;
				GCC_C_LANGUAGE_STANDARD = gnu99;
				GCC_DYNAMIC_NO_PIC = NO;
				GCC_NO_COMMON_BLOCKS = YES;
				GCC_OPTIMIZATION_LEVEL = 0;
				GCC_PREPROCESSOR_DEFINITIONS = (
					"DEBUG=1",
					"$(inherited)",
				);
				GCC_WARN_64_TO_32_BIT_CONVERSION = YES;
				GCC_WARN_ABOUT_RETURN_TYPE = YES_ERROR;
				GCC_WARN_UNDECLARED_SELECTOR = YES;
				GCC_WARN_UNINITIALIZED_AUTOS = YES_AGGRESSIVE;
				GCC_WARN_UNUSED_FUNCTION = YES;
				GCC_WARN_UNUSED_VARIABLE = YES;
				IPHONEOS_DEPLOYMENT_TARGET = 9.3;
				MTL_ENABLE_DEBUG_INFO = YES;
				ONLY_ACTIVE_ARCH = YES;
				SDKROOT = iphoneos;
				TARGETED_DEVICE_FAMILY = "1,2";
			};
			name = Debug;
		};
		04F3AA491D79791E00020C1D /* Release */ = {
			isa = XCBuildConfiguration;
			buildSettings = {
				ALWAYS_SEARCH_USER_PATHS = NO;
				CLANG_ANALYZER_NONNULL = YES;
				CLANG_CXX_LANGUAGE_STANDARD = "gnu++0x";
				CLANG_CXX_LIBRARY = "libc++";
				CLANG_ENABLE_MODULES = YES;
				CLANG_ENABLE_OBJC_ARC = YES;
				CLANG_WARN_BOOL_CONVERSION = YES;
				CLANG_WARN_CONSTANT_CONVERSION = YES;
				CLANG_WARN_DIRECT_OBJC_ISA_USAGE = YES_ERROR;
				CLANG_WARN_EMPTY_BODY = YES;
				CLANG_WARN_ENUM_CONVERSION = YES;
				CLANG_WARN_INT_CONVERSION = YES;
				CLANG_WARN_OBJC_ROOT_CLASS = YES_ERROR;
				CLANG_WARN_UNREACHABLE_CODE = YES;
				CLANG_WARN__DUPLICATE_METHOD_MATCH = YES;
				"CODE_SIGN_IDENTITY[sdk=iphoneos*]" = "iPhone Developer";
				COPY_PHASE_STRIP = NO;
				DEBUG_INFORMATION_FORMAT = "dwarf-with-dsym";
				ENABLE_NS_ASSERTIONS = NO;
				ENABLE_STRICT_OBJC_MSGSEND = YES;
				GCC_C_LANGUAGE_STANDARD = gnu99;
				GCC_NO_COMMON_BLOCKS = YES;
				GCC_WARN_64_TO_32_BIT_CONVERSION = YES;
				GCC_WARN_ABOUT_RETURN_TYPE = YES_ERROR;
				GCC_WARN_UNDECLARED_SELECTOR = YES;
				GCC_WARN_UNINITIALIZED_AUTOS = YES_AGGRESSIVE;
				GCC_WARN_UNUSED_FUNCTION = YES;
				GCC_WARN_UNUSED_VARIABLE = YES;
				IPHONEOS_DEPLOYMENT_TARGET = 9.3;
				MTL_ENABLE_DEBUG_INFO = NO;
				SDKROOT = iphoneos;
				TARGETED_DEVICE_FAMILY = "1,2";
				VALIDATE_PRODUCT = YES;
			};
			name = Release;
		};
		04F3AA4B1D79791E00020C1D /* Debug */ = {
			isa = XCBuildConfiguration;
			buildSettings = {
				ASSETCATALOG_COMPILER_APPICON_NAME = AppIcon;
				"CODE_SIGN_IDENTITY[sdk=iphoneos*]" = "iPhone Developer";
				DEVELOPMENT_TEAM = 99CDJN9R8A;
				FRAMEWORK_SEARCH_PATHS = (
					"$(inherited)",
					"$(PROJECT_DIR)$(SYSTEM_LIBRARY_DIR)/Frameworks",
					"$(PROJECT_DIR)",
				);
				INFOPLIST_FILE = lianxi/Info.plist;
				IPHONEOS_DEPLOYMENT_TARGET = 7.1;
				LD_RUNPATH_SEARCH_PATHS = "$(inherited) @executable_path/Frameworks";
				PRODUCT_BUNDLE_IDENTIFIER = text.lianxi;
				PRODUCT_NAME = "$(TARGET_NAME)";
			};
			name = Debug;
		};
		04F3AA4C1D79791E00020C1D /* Release */ = {
			isa = XCBuildConfiguration;
			buildSettings = {
				ASSETCATALOG_COMPILER_APPICON_NAME = AppIcon;
				"CODE_SIGN_IDENTITY[sdk=iphoneos*]" = "iPhone Developer";
				DEVELOPMENT_TEAM = 99CDJN9R8A;
				FRAMEWORK_SEARCH_PATHS = (
					"$(inherited)",
					"$(PROJECT_DIR)$(SYSTEM_LIBRARY_DIR)/Frameworks",
					"$(PROJECT_DIR)",
				);
				INFOPLIST_FILE = lianxi/Info.plist;
				IPHONEOS_DEPLOYMENT_TARGET = 7.1;
				LD_RUNPATH_SEARCH_PATHS = "$(inherited) @executable_path/Frameworks";
				PRODUCT_BUNDLE_IDENTIFIER = text.lianxi;
				PRODUCT_NAME = "$(TARGET_NAME)";
			};
			name = Release;
		};
		04F3AA4E1D79791E00020C1D /* Debug */ = {
			isa = XCBuildConfiguration;
			buildSettings = {
				BUNDLE_LOADER = "$(TEST_HOST)";
				INFOPLIST_FILE = lianxiTests/Info.plist;
				LD_RUNPATH_SEARCH_PATHS = "$(inherited) @executable_path/Frameworks @loader_path/Frameworks";
				PRODUCT_BUNDLE_IDENTIFIER = text.lianxiTests;
				PRODUCT_NAME = "$(TARGET_NAME)";
				TEST_HOST = "$(BUILT_PRODUCTS_DIR)/lianxi.app/lianxi";
			};
			name = Debug;
		};
		04F3AA4F1D79791E00020C1D /* Release */ = {
			isa = XCBuildConfiguration;
			buildSettings = {
				BUNDLE_LOADER = "$(TEST_HOST)";
				INFOPLIST_FILE = lianxiTests/Info.plist;
				LD_RUNPATH_SEARCH_PATHS = "$(inherited) @executable_path/Frameworks @loader_path/Frameworks";
				PRODUCT_BUNDLE_IDENTIFIER = text.lianxiTests;
				PRODUCT_NAME = "$(TARGET_NAME)";
				TEST_HOST = "$(BUILT_PRODUCTS_DIR)/lianxi.app/lianxi";
			};
			name = Release;
		};
		04F3AA511D79791E00020C1D /* Debug */ = {
			isa = XCBuildConfiguration;
			buildSettings = {
				INFOPLIST_FILE = lianxiUITests/Info.plist;
				LD_RUNPATH_SEARCH_PATHS = "$(inherited) @executable_path/Frameworks @loader_path/Frameworks";
				PRODUCT_BUNDLE_IDENTIFIER = text.lianxiUITests;
				PRODUCT_NAME = "$(TARGET_NAME)";
				TEST_TARGET_NAME = lianxi;
			};
			name = Debug;
		};
		04F3AA521D79791E00020C1D /* Release */ = {
			isa = XCBuildConfiguration;
			buildSettings = {
				INFOPLIST_FILE = lianxiUITests/Info.plist;
				LD_RUNPATH_SEARCH_PATHS = "$(inherited) @executable_path/Frameworks @loader_path/Frameworks";
				PRODUCT_BUNDLE_IDENTIFIER = text.lianxiUITests;
				PRODUCT_NAME = "$(TARGET_NAME)";
				TEST_TARGET_NAME = lianxi;
			};
			name = Release;
		};
/* End XCBuildConfiguration section */

/* Begin XCConfigurationList section */
		04F3AA181D79791D00020C1D /* Build configuration list for PBXProject "lianxi" */ = {
			isa = XCConfigurationList;
			buildConfigurations = (
				04F3AA481D79791E00020C1D /* Debug */,
				04F3AA491D79791E00020C1D /* Release */,
			);
			defaultConfigurationIsVisible = 0;
			defaultConfigurationName = Release;
		};
		04F3AA4A1D79791E00020C1D /* Build configuration list for PBXNativeTarget "lianxi" */ = {
			isa = XCConfigurationList;
			buildConfigurations = (
				04F3AA4B1D79791E00020C1D /* Debug */,
				04F3AA4C1D79791E00020C1D /* Release */,
			);
			defaultConfigurationIsVisible = 0;
			defaultConfigurationName = Release;
		};
		04F3AA4D1D79791E00020C1D /* Build configuration list for PBXNativeTarget "lianxiTests" */ = {
			isa = XCConfigurationList;
			buildConfigurations = (
				04F3AA4E1D79791E00020C1D /* Debug */,
				04F3AA4F1D79791E00020C1D /* Release */,
			);
			defaultConfigurationIsVisible = 0;
			defaultConfigurationName = Release;
		};
		04F3AA501D79791E00020C1D /* Build configuration list for PBXNativeTarget "lianxiUITests" */ = {
			isa = XCConfigurationList;
			buildConfigurations = (
				04F3AA511D79791E00020C1D /* Debug */,
				04F3AA521D79791E00020C1D /* Release */,
			);
			defaultConfigurationIsVisible = 0;
			defaultConfigurationName = Release;
		};
/* End XCConfigurationList section */
	};
	rootObject = 04F3AA151D79791D00020C1D /* Project object */;
}
